# THIS IS AN AUTOGENERATED FILE. DO NOT EDIT THIS FILE DIRECTLY.
# yarn lockfile v1


"@types/stylis@^4.0.1":
  version "4.0.1"
  resolved "https://registry.yarnpkg.com/@types/stylis/-/stylis-4.0.1.tgz#ed14588039b713fc3183cfa0e95033e86e5e1aa2"
  integrity sha512-tMMy2pb95ZvBrvrNhZDj6fsU1SpR97BYeoS798IRCzKLqWY0bh0rtg9G6knNtiUD6Pij1PoafHYjVCbspKenOA==

nanoid@^3.1.25:
  version "3.1.25"
  resolved "https://registry.yarnpkg.com/nanoid/-/nanoid-3.1.25.tgz#09ca32747c0e543f0e1814b7d3793477f9c8e152"
  integrity sha512-rdwtIXaXCLFAQbnfqDRnI6jaRHp9fTcYBjtFKE8eezcZ7LuLjhUaQGNeMXf1HmRoCH32CLz6XwX0TtxEOS/A3Q==

stylis@^4.0.10:
  version "4.0.10"
  resolved "https://registry.yarnpkg.com/stylis/-/stylis-4.0.10.tgz#446512d1097197ab3f02fb3c258358c3f7a14240"
  integrity sha512-m3k+dk7QeJw660eIKRRn3xPF6uuvHs/FFzjX3HQ5ove0qYsiygoAhwn5a3IYKaZPo5LrYD0rfVmtv1gNY1uYwg==
